
Microsoft Visual Studio Solution File, Format Version 11.00
# Visual Studio 2010
Project("{8BC9CEB8-8B4A-11D0-8D11-00A0C91BC942}") = "Server", "Server\Server.vcxproj", "{AD3FCE06-F51A-4BDC-BEB6-5DD7D14C630E}"
EndProject
Global
	GlobalSection(SolutionConfigurationPlatforms) = preSolution
		Debug|Win32 = Debug|Win32
		Release|Win32 = Release|Win32
	EndGlobalSection
	GlobalSection(ProjectConfigurationPlatforms) = postSolution
		{AD3FCE06-F51A-4BDC-BEB6-5DD7D14C630E}.Debug|Win32.ActiveCfg = Debug|Win32
		{AD3FCE06-F51A-4BDC-BEB6-5DD7D14C630E}.Debug|Win32.Build.0 = Debug|Win32
		{AD3FCE06-F51A-4BDC-BEB6-5DD7D14C630E}.Release|Win32.ActiveCfg = Release|Win32
		{AD3FCE06-F51A-4BDC-BEB6-5DD7D14C630E}.Release|Win32.Build.0 = Release|Win32
	EndGlobalSection
	GlobalSection(SolutionProperties) = preSolution
		HideSolutionNode = FALSE
	EndGlobalSection
EndGlobal
