<?xml version="1.0" encoding="utf-8"?>
<Project ToolsVersion="4.0" xmlns="http://schemas.microsoft.com/developer/msbuild/2003">
  <ItemGroup>
    <Filter Include="Archivos de código fuente">
      <UniqueIdentifier>{4FC737F1-C7A5-4376-A066-2A32D752A2FF}</UniqueIdentifier>
      <Extensions>cpp;c;cc;cxx;def;odl;idl;hpj;bat;asm;asmx</Extensions>
    </Filter>
    <Filter Include="Archivos de encabezado">
      <UniqueIdentifier>{93995380-89BD-4b04-88EB-625FBE52EBFB}</UniqueIdentifier>
      <Extensions>h;hpp;hxx;hm;inl;inc;xsd</Extensions>
    </Filter>
    <Filter Include="Archivos de recursos">
      <UniqueIdentifier>{67DA6AB6-F800-4c08-8B7A-83BB121AAD01}</UniqueIdentifier>
      <Extensions>rc;ico;cur;bmp;dlg;rc2;rct;bin;rgs;gif;jpg;jpeg;jpe;resx;tiff;tif;png;wav;mfcribbon-ms</Extensions>
    </Filter>
    <Filter Include="Database">
      <UniqueIdentifier>{31555767-d3fc-43c2-8df3-2ed652a1937e}</UniqueIdentifier>
    </Filter>
    <Filter Include="Database\Archivos de encabezado">
      <UniqueIdentifier>{2d62aefb-ff22-42dc-8750-dff9b4c4d9bf}</UniqueIdentifier>
    </Filter>
    <Filter Include="Database\Archivos de recursos">
      <UniqueIdentifier>{7f4f4636-3663-4125-bbd5-a44f7d668fea}</UniqueIdentifier>
    </Filter>
    <Filter Include="General">
      <UniqueIdentifier>{6a406753-9bb0-40d2-93c0-2d610780c4f4}</UniqueIdentifier>
    </Filter>
    <Filter Include="General\Server">
      <UniqueIdentifier>{eea555fc-a9d6-4c58-9abc-bf89db94a9f4}</UniqueIdentifier>
    </Filter>
    <Filter Include="Game">
      <UniqueIdentifier>{44aee1ff-909e-4641-9c30-148730e54dd8}</UniqueIdentifier>
    </Filter>
    <Filter Include="Game\GameServer">
      <UniqueIdentifier>{5901afe7-c518-4c84-9c91-ec106e095e27}</UniqueIdentifier>
    </Filter>
    <Filter Include="General\Server\ConnectionsContainer">
      <UniqueIdentifier>{4a45eac5-fdf1-49bd-bfe3-ac455ba43c14}</UniqueIdentifier>
    </Filter>
    <Filter Include="General\Server\ConnectionsContainer\ClientConnection">
      <UniqueIdentifier>{67314121-0d00-4b0d-8d5e-535ff4678e32}</UniqueIdentifier>
    </Filter>
    <Filter Include="General\Server\Thread">
      <UniqueIdentifier>{aa485d46-c6c8-4aec-9ae0-69caa8ddfc2e}</UniqueIdentifier>
    </Filter>
    <Filter Include="General\Server\ConnectionMessage">
      <UniqueIdentifier>{ff5a1500-dc73-4aee-ba83-354d3f96ebf1}</UniqueIdentifier>
    </Filter>
  </ItemGroup>
  <ItemGroup>
    <ClInclude Include="Constants.h">
      <Filter>Archivos de encabezado</Filter>
    </ClInclude>
    <ClInclude Include="ClientConnection.h">
      <Filter>General\Server\ConnectionsContainer\ClientConnection</Filter>
    </ClInclude>
    <ClInclude Include="Thread.h">
      <Filter>General\Server\Thread</Filter>
    </ClInclude>
    <ClInclude Include="ConnectionMessage.h">
      <Filter>General\Server\ConnectionMessage</Filter>
    </ClInclude>
    <ClInclude Include="ConnectionsContainer.h">
      <Filter>General\Server\ConnectionsContainer</Filter>
    </ClInclude>
    <ClInclude Include="GameServer.h">
      <Filter>Game\GameServer</Filter>
    </ClInclude>
    <ClInclude Include="GameMessagesProcessor.h">
      <Filter>Game\GameServer</Filter>
    </ClInclude>
    <ClInclude Include="ConnectionMessagesProcessor.h">
      <Filter>General\Server\ConnectionMessage</Filter>
    </ClInclude>
    <ClInclude Include="ConnectionsServer.h">
      <Filter>General\Server</Filter>
    </ClInclude>
  </ItemGroup>
  <ItemGroup>
    <ClCompile Include="main.cpp">
      <Filter>Archivos de recursos</Filter>
    </ClCompile>
    <ClCompile Include="Constants.cpp">
      <Filter>Archivos de recursos</Filter>
    </ClCompile>
    <ClCompile Include="ClientConnection.cpp">
      <Filter>General\Server\ConnectionsContainer\ClientConnection</Filter>
    </ClCompile>
    <ClCompile Include="Thread.cpp">
      <Filter>General\Server\Thread</Filter>
    </ClCompile>
    <ClCompile Include="ConnectionsContainer.cpp">
      <Filter>General\Server\ConnectionsContainer</Filter>
    </ClCompile>
    <ClCompile Include="GameServer.cpp">
      <Filter>Game\GameServer</Filter>
    </ClCompile>
    <ClCompile Include="ConnectionsServer.cpp">
      <Filter>General\Server</Filter>
    </ClCompile>
  </ItemGroup>
</Project>